
Microsoft Visual Studio Solution File, Format Version 12.00
# Visual Studio Version 16
VisualStudioVersion = 16.0.31727.386
MinimumVisualStudioVersion = 10.0.40219.1
Project("{FAE04EC0-301F-11D3-BF4B-00C04F79EFBC}") = "Lab01", "Lab01\Lab01.csproj", "{63BB06B5-A33A-4AAC-8373-FCA6F1EC698C}"
EndProject
Project("{FAE04EC0-301F-11D3-BF4B-00C04F79EFBC}") = "Lab03", "Lab03\Lab03.csproj", "{B6CBD9E8-D067-4E40-842B-68911411B5C7}"
EndProject
Project("{FAE04EC0-301F-11D3-BF4B-00C04F79EFBC}") = "Lab04", "Lab04\Lab04.csproj", "{434D9AF2-192D-4F69-BFCA-7479F1B0E6FF}"
EndProject
Project("{FAE04EC0-301F-11D3-BF4B-00C04F79EFBC}") = "Lab06", "Lab06\Lab06.csproj", "{B437F63F-FCCA-4AA2-AB42-EFB9F6FA36ED}"
EndProject
Project("{FAE04EC0-301F-11D3-BF4B-00C04F79EFBC}") = "Lab02", "Lab02\Lab02.csproj", "{DDAC8799-2AEE-4600-A198-F83313CE65C4}"
EndProject
Global
	GlobalSection(SolutionConfigurationPlatforms) = preSolution
		Debug|Any CPU = Debug|Any CPU
		Release|Any CPU = Release|Any CPU
	EndGlobalSection
	GlobalSection(ProjectConfigurationPlatforms) = postSolution
		{63BB06B5-A33A-4AAC-8373-FCA6F1EC698C}.Debug|Any CPU.ActiveCfg = Debug|Any CPU
		{63BB06B5-A33A-4AAC-8373-FCA6F1EC698C}.Debug|Any CPU.Build.0 = Debug|Any CPU
		{63BB06B5-A33A-4AAC-8373-FCA6F1EC698C}.Release|Any CPU.ActiveCfg = Release|Any CPU
		{63BB06B5-A33A-4AAC-8373-FCA6F1EC698C}.Release|Any CPU.Build.0 = Release|Any CPU
		{B6CBD9E8-D067-4E40-842B-68911411B5C7}.Debug|Any CPU.ActiveCfg = Debug|Any CPU
		{B6CBD9E8-D067-4E40-842B-68911411B5C7}.Debug|Any CPU.Build.0 = Debug|Any CPU
		{B6CBD9E8-D067-4E40-842B-68911411B5C7}.Release|Any CPU.ActiveCfg = Release|Any CPU
		{B6CBD9E8-D067-4E40-842B-68911411B5C7}.Release|Any CPU.Build.0 = Release|Any CPU
		{434D9AF2-192D-4F69-BFCA-7479F1B0E6FF}.Debug|Any CPU.ActiveCfg = Debug|Any CPU
		{434D9AF2-192D-4F69-BFCA-7479F1B0E6FF}.Debug|Any CPU.Build.0 = Debug|Any CPU
		{434D9AF2-192D-4F69-BFCA-7479F1B0E6FF}.Release|Any CPU.ActiveCfg = Release|Any CPU
		{434D9AF2-192D-4F69-BFCA-7479F1B0E6FF}.Release|Any CPU.Build.0 = Release|Any CPU
		{B437F63F-FCCA-4AA2-AB42-EFB9F6FA36ED}.Debug|Any CPU.ActiveCfg = Debug|Any CPU
		{B437F63F-FCCA-4AA2-AB42-EFB9F6FA36ED}.Debug|Any CPU.Build.0 = Debug|Any CPU
		{B437F63F-FCCA-4AA2-AB42-EFB9F6FA36ED}.Release|Any CPU.ActiveCfg = Release|Any CPU
		{B437F63F-FCCA-4AA2-AB42-EFB9F6FA36ED}.Release|Any CPU.Build.0 = Release|Any CPU
		{DDAC8799-2AEE-4600-A198-F83313CE65C4}.Debug|Any CPU.ActiveCfg = Debug|Any CPU
		{DDAC8799-2AEE-4600-A198-F83313CE65C4}.Debug|Any CPU.Build.0 = Debug|Any CPU
		{DDAC8799-2AEE-4600-A198-F83313CE65C4}.Release|Any CPU.ActiveCfg = Release|Any CPU
		{DDAC8799-2AEE-4600-A198-F83313CE65C4}.Release|Any CPU.Build.0 = Release|Any CPU
	EndGlobalSection
	GlobalSection(SolutionProperties) = preSolution
		HideSolutionNode = FALSE
	EndGlobalSection
	GlobalSection(ExtensibilityGlobals) = postSolution
		SolutionGuid = {B8C4B8B1-9E2A-4253-8863-1214BA455453}
	EndGlobalSection
EndGlobal
